// !$*UTF8*$!
{
	archiveVersion = 1;
	classes = {
	};
	objectVersion = 46;
	objects = {

/* Begin PBXBuildFile section */
		272B4D001EC953C7007AC668 /* KSGuideDataManager.swift in Sources */ = {isa = PBXBuildFile; fileRef = 272B4CFF1EC953C6007AC668 /* KSGuideDataManager.swift */; };
		2739BB9C1EC05D22002287EA /* AppDelegate.swift in Sources */ = {isa = PBXBuildFile; fileRef = 2739BB9B1EC05D22002287EA /* AppDelegate.swift */; };
		2739BB9E1EC05D22002287EA /* ViewController.swift in Sources */ = {isa = PBXBuildFile; fileRef = 2739BB9D1EC05D22002287EA /* ViewController.swift */; };
		2739BBA11EC05D22002287EA /* Main.storyboard in Resources */ = {isa = PBXBuildFile; fileRef = 2739BB9F1EC05D22002287EA /* Main.storyboard */; };
		2739BBA31EC05D22002287EA /* Assets.xcassets in Resources */ = {isa = PBXBuildFile; fileRef = 2739BBA21EC05D22002287EA /* Assets.xcassets */; };
		2739BBA61EC05D22002287EA /* LaunchScreen.storyboard in Resources */ = {isa = PBXBuildFile; fileRef = 2739BBA41EC05D22002287EA /* LaunchScreen.storyboard */; };
		2739BBB21EC05D4A002287EA /* KSGuideController.swift in Sources */ = {isa = PBXBuildFile; fileRef = 2739BBAF1EC05D49002287EA /* KSGuideController.swift */; };
		2739BBB31EC05D4A002287EA /* KSGuideItem.swift in Sources */ = {isa = PBXBuildFile; fileRef = 2739BBB01EC05D4A002287EA /* KSGuideItem.swift */; };
		2739BBB51EC06D8F002287EA /* Extensions.swift in Sources */ = {isa = PBXBuildFile; fileRef = 2739BBB41EC06D8F002287EA /* Extensions.swift */; };
		F7606FBB1EC888CD00F6419F /* guide_arrow@3x.png in Resources */ = {isa = PBXBuildFile; fileRef = F7606FBA1EC888CD00F6419F /* guide_arrow@3x.png */; };
/* End PBXBuildFile section */

/* Begin PBXFileReference section */
		272B4CFF1EC953C6007AC668 /* KSGuideDataManager.swift */ = {isa = PBXFileReference; fileEncoding = 4; lastKnownFileType = sourcecode.swift; path = KSGuideDataManager.swift; sourceTree = "<group>"; };
		2739BB981EC05D22002287EA /* KSGuideControllerDemo.app */ = {isa = PBXFileReference; explicitFileType = wrapper.application; includeInIndex = 0; path = KSGuideControllerDemo.app; sourceTree = BUILT_PRODUCTS_DIR; };
		2739BB9B1EC05D22002287EA /* AppDelegate.swift */ = {isa = PBXFileReference; lastKnownFileType = sourcecode.swift; path = AppDelegate.swift; sourceTree = "<group>"; };
		2739BB9D1EC05D22002287EA /* ViewController.swift */ = {isa = PBXFileReference; lastKnownFileType = sourcecode.swift; path = ViewController.swift; sourceTree = "<group>"; };
		2739BBA01EC05D22002287EA /* Base */ = {isa = PBXFileReference; lastKnownFileType = file.storyboard; name = Base; path = Base.lproj/Main.storyboard; sourceTree = "<group>"; };
		2739BBA21EC05D22002287EA /* Assets.xcassets */ = {isa = PBXFileReference; lastKnownFileType = folder.assetcatalog; path = Assets.xcassets; sourceTree = "<group>"; };
		2739BBA51EC05D22002287EA /* Base */ = {isa = PBXFileReference; lastKnownFileType = file.storyboard; name = Base; path = Base.lproj/LaunchScreen.storyboard; sourceTree = "<group>"; };
		2739BBA71EC05D22002287EA /* Info.plist */ = {isa = PBXFileReference; lastKnownFileType = text.plist.xml; path = Info.plist; sourceTree = "<group>"; };
		2739BBAF1EC05D49002287EA /* KSGuideController.swift */ = {isa = PBXFileReference; fileEncoding = 4; lastKnownFileType = sourcecode.swift; path = KSGuideController.swift; sourceTree = "<group>"; };
		2739BBB01EC05D4A002287EA /* KSGuideItem.swift */ = {isa = PBXFileReference; fileEncoding = 4; lastKnownFileType = sourcecode.swift; path = KSGuideItem.swift; sourceTree = "<group>"; };
		2739BBB41EC06D8F002287EA /* Extensions.swift */ = {isa = PBXFileReference; fileEncoding = 4; lastKnownFileType = sourcecode.swift; path = Extensions.swift; sourceTree = "<group>"; };
		F7606FBA1EC888CD00F6419F /* guide_arrow@3x.png */ = {isa = PBXFileReference; lastKnownFileType = image.png; path = "guide_arrow@3x.png"; sourceTree = "<group>"; };
/* End PBXFileReference section */

/* Begin PBXFrameworksBuildPhase section */
		2739BB951EC05D22002287EA /* Frameworks */ = {
			isa = PBXFrameworksBuildPhase;
			buildActionMask = 2147483647;
			files = (
			);
			runOnlyForDeploymentPostprocessing = 0;
		};
/* End PBXFrameworksBuildPhase section */

/* Begin PBXGroup section */
		2739BB8F1EC05D22002287EA = {
			isa = PBXGroup;
			children = (
				2739BB9A1EC05D22002287EA /* KSGuideControllerDemo */,
				2739BB991EC05D22002287EA /* Products */,
			);
			sourceTree = "<group>";
		};
		2739BB991EC05D22002287EA /* Products */ = {
			isa = PBXGroup;
			children = (
				2739BB981EC05D22002287EA /* KSGuideControllerDemo.app */,
			);
			name = Products;
			sourceTree = "<group>";
		};
		2739BB9A1EC05D22002287EA /* KSGuideControllerDemo */ = {
			isa = PBXGroup;
			children = (
				2739BBAD1EC05D49002287EA /* KSGuideController */,
				2739BB9B1EC05D22002287EA /* AppDelegate.swift */,
				2739BB9D1EC05D22002287EA /* ViewController.swift */,
				2739BB9F1EC05D22002287EA /* Main.storyboard */,
				2739BBA21EC05D22002287EA /* Assets.xcassets */,
				2739BBA41EC05D22002287EA /* LaunchScreen.storyboard */,
				2739BBA71EC05D22002287EA /* Info.plist */,
			);
			path = KSGuideControllerDemo;
			sourceTree = "<group>";
		};
		2739BBAD1EC05D49002287EA /* KSGuideController */ = {
			isa = PBXGroup;
			children = (
				F7606FB91EC888CD00F6419F /* Resources */,
				2739BBAF1EC05D49002287EA /* KSGuideController.swift */,
				272B4CFF1EC953C6007AC668 /* KSGuideDataManager.swift */,
				2739BBB01EC05D4A002287EA /* KSGuideItem.swift */,
				2739BBB41EC06D8F002287EA /* Extensions.swift */,
			);
			name = KSGuideController;
			path = ../../KSGuideController;
			sourceTree = "<group>";
		};
		F7606FB91EC888CD00F6419F /* Resources */ = {
			isa = PBXGroup;
			children = (
				F7606FBA1EC888CD00F6419F /* guide_arrow@3x.png */,
			);
			path = Resources;
			sourceTree = "<group>";
		};
/* End PBXGroup section */

/* Begin PBXNativeTarget section */
		2739BB971EC05D22002287EA /* KSGuideControllerDemo */ = {
			isa = PBXNativeTarget;
			buildConfigurationList = 2739BBAA1EC05D22002287EA /* Build configuration list for PBXNativeTarget "KSGuideControllerDemo" */;
			buildPhases = (
				2739BB941EC05D22002287EA /* Sources */,
				2739BB951EC05D22002287EA /* Frameworks */,
				2739BB961EC05D22002287EA /* Resources */,
			);
			buildRules = (
			);
			dependencies = (
			);
			name = KSGuideControllerDemo;
			productName = KSGuideControllerDemo;
			productReference = 2739BB981EC05D22002287EA /* KSGuideControllerDemo.app */;
			productType = "com.apple.product-type.application";
		};
/* End PBXNativeTarget section */

/* Begin PBXProject section */
		2739BB901EC05D22002287EA /* Project object */ = {
			isa = PBXProject;
			attributes = {
				LastSwiftUpdateCheck = 0830;
				LastUpgradeCheck = 0830;
				ORGANIZATIONNAME = "Kyle Sun";
				TargetAttributes = {
					2739BB971EC05D22002287EA = {
						CreatedOnToolsVersion = 8.3;
						DevelopmentTeam = E38TCMJ79F;
						ProvisioningStyle = Automatic;
					};
				};
			};
			buildConfigurationList = 2739BB931EC05D22002287EA /* Build configuration list for PBXProject "KSGuideControllerDemo" */;
			compatibilityVersion = "Xcode 3.2";
			developmentRegion = English;
			hasScannedForEncodings = 0;
			knownRegions = (
				en,
				Base,
			);
			mainGroup = 2739BB8F1EC05D22002287EA;
			productRefGroup = 2739BB991EC05D22002287EA /* Products */;
			projectDirPath = "";
			projectRoot = "";
			targets = (
				2739BB971EC05D22002287EA /* KSGuideControllerDemo */,
			);
		};
/* End PBXProject section */

/* Begin PBXResourcesBuildPhase section */
		2739BB961EC05D22002287EA /* Resources */ = {
			isa = PBXResourcesBuildPhase;
			buildActionMask = 2147483647;
			files = (
				F7606FBB1EC888CD00F6419F /* guide_arrow@3x.png in Resources */,
				2739BBA61EC05D22002287EA /* LaunchScreen.storyboard in Resources */,
				2739BBA31EC05D22002287EA /* Assets.xcassets in Resources */,
				2739BBA11EC05D22002287EA /* Main.storyboard in Resources */,
			);
			runOnlyForDeploymentPostprocessing = 0;
		};
/* End PBXResourcesBuildPhase section */

/* Begin PBXSourcesBuildPhase section */
		2739BB941EC05D22002287EA /* Sources */ = {
			isa = PBXSourcesBuildPhase;
			buildActionMask = 2147483647;
			files = (
				272B4D001EC953C7007AC668 /* KSGuideDataManager.swift in Sources */,
				2739BBB51EC06D8F002287EA /* Extensions.swift in Sources */,
				2739BB9E1EC05D22002287EA /* ViewController.swift in Sources */,
				2739BBB21EC05D4A002287EA /* KSGuideController.swift in Sources */,
				2739BB9C1EC05D22002287EA /* AppDelegate.swift in Sources */,
				2739BBB31EC05D4A002287EA /* KSGuideItem.swift in Sources */,
			);
			runOnlyForDeploymentPostprocessing = 0;
		};
/* End PBXSourcesBuildPhase section */

/* Begin PBXVariantGroup section */
		2739BB9F1EC05D22002287EA /* Main.storyboard */ = {
			isa = PBXVariantGroup;
			children = (
				2739BBA01EC05D22002287EA /* Base */,
			);
			name = Main.storyboard;
			sourceTree = "<group>";
		};
		2739BBA41EC05D22002287EA /* LaunchScreen.storyboard */ = {
			isa = PBXVariantGroup;
			children = (
				2739BBA51EC05D22002287EA /* Base */,
			);
			name = LaunchScreen.storyboard;
			sourceTree = "<group>";
		};
/* End PBXVariantGroup section */

/* Begin XCBuildConfiguration section */
		2739BBA81EC05D22002287EA /* Debug */ = {
			isa = XCBuildConfiguration;
			buildSettings = {
				ALWAYS_SEARCH_USER_PATHS = NO;
				CLANG_ANALYZER_NONNULL = YES;
				CLANG_ANALYZER_NUMBER_OBJECT_CONVERSION = YES_AGGRESSIVE;
				CLANG_CXX_LANGUAGE_STANDARD = "gnu++0x";
				CLANG_CXX_LIBRARY = "libc++";
				CLANG_ENABLE_MODULES = YES;
				CLANG_ENABLE_OBJC_ARC = YES;
				CLANG_WARN_BOOL_CONVERSION = YES;
				CLANG_WARN_CONSTANT_CONVERSION = YES;
				CLANG_WARN_DIRECT_OBJC_ISA_USAGE = YES_ERROR;
				CLANG_WARN_DOCUMENTATION_COMMENTS = YES;
				CLANG_WARN_EMPTY_BODY = YES;
				CLANG_WARN_ENUM_CONVERSION = YES;
				CLANG_WARN_INFINITE_RECURSION = YES;
				CLANG_WARN_INT_CONVERSION = YES;
				CLANG_WARN_OBJC_ROOT_CLASS = YES_ERROR;
				CLANG_WARN_SUSPICIOUS_MOVE = YES;
				CLANG_WARN_UNREACHABLE_CODE = YES;
				CLANG_WARN__DUPLICATE_METHOD_MATCH = YES;
				"CODE_SIGN_IDENTITY[sdk=iphoneos*]" = "iPhone Developer";
				COPY_PHASE_STRIP = NO;
				DEBUG_INFORMATION_FORMAT = dwarf;
				ENABLE_STRICT_OBJC_MSGSEND = YES;
				ENABLE_TESTABILITY = YES;
				GCC_C_LANGUAGE_STANDARD = gnu99;
				GCC_DYNAMIC_NO_PIC = NO;
				GCC_NO_COMMON_BLOCKS = YES;
				GCC_OPTIMIZATION_LEVEL = 0;
				GCC_PREPROCESSOR_DEFINITIONS = (
					"DEBUG=1",
					"$(inherited)",
				);
				GCC_WARN_64_TO_32_BIT_CONVERSION = YES;
				GCC_WARN_ABOUT_RETURN_TYPE = YES_ERROR;
				GCC_WARN_UNDECLARED_SELECTOR = YES;
				GCC_WARN_UNINITIALIZED_AUTOS = YES_AGGRESSIVE;
				GCC_WARN_UNUSED_FUNCTION = YES;
				GCC_WARN_UNUSED_VARIABLE = YES;
				IPHONEOS_DEPLOYMENT_TARGET = 10.3;
				MTL_ENABLE_DEBUG_INFO = YES;
				ONLY_ACTIVE_ARCH = YES;
				SDKROOT = iphoneos;
				SWIFT_ACTIVE_COMPILATION_CONDITIONS = DEBUG;
				SWIFT_OPTIMIZATION_LEVEL = "-Onone";
			};
			name = Debug;
		};
		2739BBA91EC05D22002287EA /* Release */ = {
			isa = XCBuildConfiguration;
			buildSettings = {
				ALWAYS_SEARCH_USER_PATHS = NO;
				CLANG_ANALYZER_NONNULL = YES;
				CLANG_ANALYZER_NUMBER_OBJECT_CONVERSION = YES_AGGRESSIVE;
				CLANG_CXX_LANGUAGE_STANDARD = "gnu++0x";
				CLANG_CXX_LIBRARY = "libc++";
				CLANG_ENABLE_MODULES = YES;
				CLANG_ENABLE_OBJC_ARC = YES;
				CLANG_WARN_BOOL_CONVERSION = YES;
				CLANG_WARN_CONSTANT_CONVERSION = YES;
				CLANG_WARN_DIRECT_OBJC_ISA_USAGE = YES_ERROR;
				CLANG_WARN_DOCUMENTATION_COMMENTS = YES;
				CLANG_WARN_EMPTY_BODY = YES;
				CLANG_WARN_ENUM_CONVERSION = YES;
				CLANG_WARN_INFINITE_RECURSION = YES;
				CLANG_WARN_INT_CONVERSION = YES;
				CLANG_WARN_OBJC_ROOT_CLASS = YES_ERROR;
				CLANG_WARN_SUSPICIOUS_MOVE = YES;
				CLANG_WARN_UNREACHABLE_CODE = YES;
				CLANG_WARN__DUPLICATE_METHOD_MATCH = YES;
				"CODE_SIGN_IDENTITY[sdk=iphoneos*]" = "iPhone Developer";
				COPY_PHASE_STRIP = NO;
				DEBUG_INFORMATION_FORMAT = "dwarf-with-dsym";
				ENABLE_NS_ASSERTIONS = NO;
				ENABLE_STRICT_OBJC_MSGSEND = YES;
				GCC_C_LANGUAGE_STANDARD = gnu99;
				GCC_NO_COMMON_BLOCKS = YES;
				GCC_WARN_64_TO_32_BIT_CONVERSION = YES;
				GCC_WARN_ABOUT_RETURN_TYPE = YES_ERROR;
				GCC_WARN_UNDECLARED_SELECTOR = YES;
				GCC_WARN_UNINITIALIZED_AUTOS = YES_AGGRESSIVE;
				GCC_WARN_UNUSED_FUNCTION = YES;
				GCC_WARN_UNUSED_VARIABLE = YES;
				IPHONEOS_DEPLOYMENT_TARGET = 10.3;
				MTL_ENABLE_DEBUG_INFO = NO;
				SDKROOT = iphoneos;
				SWIFT_OPTIMIZATION_LEVEL = "-Owholemodule";
				VALIDATE_PRODUCT = YES;
			};
			name = Release;
		};
		2739BBAB1EC05D22002287EA /* Debug */ = {
			isa = XCBuildConfiguration;
			buildSettings = {
				ASSETCATALOG_COMPILER_APPICON_NAME = AppIcon;
				DEVELOPMENT_TEAM = E38TCMJ79F;
				INFOPLIST_FILE = KSGuideControllerDemo/Info.plist;
				LD_RUNPATH_SEARCH_PATHS = "$(inherited) @executable_path/Frameworks";
				PRODUCT_BUNDLE_IDENTIFIER = com.skx926.KSGuideControllerDemo;
				PRODUCT_NAME = "$(TARGET_NAME)";
				SWIFT_VERSION = 3.0;
			};
			name = Debug;
		};
		2739BBAC1EC05D22002287EA /* Release */ = {
			isa = XCBuildConfiguration;
			buildSettings = {
				ASSETCATALOG_COMPILER_APPICON_NAME = AppIcon;
				DEVELOPMENT_TEAM = E38TCMJ79F;
				INFOPLIST_FILE = KSGuideControllerDemo/Info.plist;
				LD_RUNPATH_SEARCH_PATHS = "$(inherited) @executable_path/Frameworks";
				PRODUCT_BUNDLE_IDENTIFIER = com.skx926.KSGuideControllerDemo;
				PRODUCT_NAME = "$(TARGET_NAME)";
				SWIFT_VERSION = 3.0;
			};
			name = Release;
		};
/* End XCBuildConfiguration section */

/* Begin XCConfigurationList section */
		2739BB931EC05D22002287EA /* Build configuration list for PBXProject "KSGuideControllerDemo" */ = {
			isa = XCConfigurationList;
			buildConfigurations = (
				2739BBA81EC05D22002287EA /* Debug */,
				2739BBA91EC05D22002287EA /* Release */,
			);
			defaultConfigurationIsVisible = 0;
			defaultConfigurationName = Release;
		};
		2739BBAA1EC05D22002287EA /* Build configuration list for PBXNativeTarget "KSGuideControllerDemo" */ = {
			isa = XCConfigurationList;
			buildConfigurations = (
				2739BBAB1EC05D22002287EA /* Debug */,
				2739BBAC1EC05D22002287EA /* Release */,
			);
			defaultConfigurationIsVisible = 0;
			defaultConfigurationName = Release;
		};
/* End XCConfigurationList section */
	};
	rootObject = 2739BB901EC05D22002287EA /* Project object */;
}
