// !$*UTF8*$!
{
	archiveVersion = 1;
	classes = {
	};
	objectVersion = 46;
	objects = {

/* Begin PBXBuildFile section */
		2739BB591EC015C6002287EA /* AppDelegate.swift in Sources */ = {isa = PBXBuildFile; fileRef = 2739BB581EC015C6002287EA /* AppDelegate.swift */; };
		2739BB5B1EC015C6002287EA /* ViewController.swift in Sources */ = {isa = PBXBuildFile; fileRef = 2739BB5A1EC015C6002287EA /* ViewController.swift */; };
		2739BB5E1EC015C6002287EA /* Main.storyboard in Resources */ = {isa = PBXBuildFile; fileRef = 2739BB5C1EC015C6002287EA /* Main.storyboard */; };
		2739BB601EC015C6002287EA /* Assets.xcassets in Resources */ = {isa = PBXBuildFile; fileRef = 2739BB5F1EC015C6002287EA /* Assets.xcassets */; };
		2739BB631EC015C6002287EA /* LaunchScreen.storyboard in Resources */ = {isa = PBXBuildFile; fileRef = 2739BB611EC015C6002287EA /* LaunchScreen.storyboard */; };
		2739BB6C1EC0161B002287EA /* KSGuideViewController.swift in Sources */ = {isa = PBXBuildFile; fileRef = 2739BB6B1EC0161B002287EA /* KSGuideViewController.swift */; };
		2739BB6E1EC01660002287EA /* KSGuideItem.swift in Sources */ = {isa = PBXBuildFile; fileRef = 2739BB6D1EC01660002287EA /* KSGuideItem.swift */; };
		2739BB701EC01C88002287EA /* Assets.xcassets in Resources */ = {isa = PBXBuildFile; fileRef = 2739BB6F1EC01C88002287EA /* Assets.xcassets */; };
/* End PBXBuildFile section */

/* Begin PBXFileReference section */
		2739BB551EC015C6002287EA /* KSGuideViewControllerDemo.app */ = {isa = PBXFileReference; explicitFileType = wrapper.application; includeInIndex = 0; path = KSGuideViewControllerDemo.app; sourceTree = BUILT_PRODUCTS_DIR; };
		2739BB581EC015C6002287EA /* AppDelegate.swift */ = {isa = PBXFileReference; lastKnownFileType = sourcecode.swift; path = AppDelegate.swift; sourceTree = "<group>"; };
		2739BB5A1EC015C6002287EA /* ViewController.swift */ = {isa = PBXFileReference; lastKnownFileType = sourcecode.swift; path = ViewController.swift; sourceTree = "<group>"; };
		2739BB5D1EC015C6002287EA /* Base */ = {isa = PBXFileReference; lastKnownFileType = file.storyboard; name = Base; path = Base.lproj/Main.storyboard; sourceTree = "<group>"; };
		2739BB5F1EC015C6002287EA /* Assets.xcassets */ = {isa = PBXFileReference; lastKnownFileType = folder.assetcatalog; path = Assets.xcassets; sourceTree = "<group>"; };
		2739BB621EC015C6002287EA /* Base */ = {isa = PBXFileReference; lastKnownFileType = file.storyboard; name = Base; path = Base.lproj/LaunchScreen.storyboard; sourceTree = "<group>"; };
		2739BB641EC015C6002287EA /* Info.plist */ = {isa = PBXFileReference; lastKnownFileType = text.plist.xml; path = Info.plist; sourceTree = "<group>"; };
		2739BB6B1EC0161B002287EA /* KSGuideViewController.swift */ = {isa = PBXFileReference; fileEncoding = 4; lastKnownFileType = sourcecode.swift; path = KSGuideViewController.swift; sourceTree = "<group>"; };
		2739BB6D1EC01660002287EA /* KSGuideItem.swift */ = {isa = PBXFileReference; fileEncoding = 4; lastKnownFileType = sourcecode.swift; path = KSGuideItem.swift; sourceTree = "<group>"; };
		2739BB6F1EC01C88002287EA /* Assets.xcassets */ = {isa = PBXFileReference; lastKnownFileType = folder.assetcatalog; path = Assets.xcassets; sourceTree = "<group>"; };
/* End PBXFileReference section */

/* Begin PBXFrameworksBuildPhase section */
		2739BB521EC015C6002287EA /* Frameworks */ = {
			isa = PBXFrameworksBuildPhase;
			buildActionMask = 2147483647;
			files = (
			);
			runOnlyForDeploymentPostprocessing = 0;
		};
/* End PBXFrameworksBuildPhase section */

/* Begin PBXGroup section */
		2739BB4C1EC015C6002287EA = {
			isa = PBXGroup;
			children = (
				2739BB571EC015C6002287EA /* KSGuideViewControllerDemo */,
				2739BB561EC015C6002287EA /* Products */,
			);
			sourceTree = "<group>";
		};
		2739BB561EC015C6002287EA /* Products */ = {
			isa = PBXGroup;
			children = (
				2739BB551EC015C6002287EA /* KSGuideViewControllerDemo.app */,
			);
			name = Products;
			sourceTree = "<group>";
		};
		2739BB571EC015C6002287EA /* KSGuideViewControllerDemo */ = {
			isa = PBXGroup;
			children = (
				2739BB6A1EC015FD002287EA /* KSGuideViewController */,
				2739BB581EC015C6002287EA /* AppDelegate.swift */,
				2739BB5A1EC015C6002287EA /* ViewController.swift */,
				2739BB5C1EC015C6002287EA /* Main.storyboard */,
				2739BB5F1EC015C6002287EA /* Assets.xcassets */,
				2739BB611EC015C6002287EA /* LaunchScreen.storyboard */,
				2739BB641EC015C6002287EA /* Info.plist */,
			);
			path = KSGuideViewControllerDemo;
			sourceTree = "<group>";
		};
		2739BB6A1EC015FD002287EA /* KSGuideViewController */ = {
			isa = PBXGroup;
			children = (
				2739BB6B1EC0161B002287EA /* KSGuideViewController.swift */,
				2739BB6D1EC01660002287EA /* KSGuideItem.swift */,
				2739BB6F1EC01C88002287EA /* Assets.xcassets */,
			);
			name = KSGuideViewController;
			path = ../../KSGuideViewController;
			sourceTree = "<group>";
		};
/* End PBXGroup section */

/* Begin PBXNativeTarget section */
		2739BB541EC015C6002287EA /* KSGuideViewControllerDemo */ = {
			isa = PBXNativeTarget;
			buildConfigurationList = 2739BB671EC015C6002287EA /* Build configuration list for PBXNativeTarget "KSGuideViewControllerDemo" */;
			buildPhases = (
				2739BB511EC015C6002287EA /* Sources */,
				2739BB521EC015C6002287EA /* Frameworks */,
				2739BB531EC015C6002287EA /* Resources */,
			);
			buildRules = (
			);
			dependencies = (
			);
			name = KSGuideViewControllerDemo;
			productName = KSGuideViewControllerDemo;
			productReference = 2739BB551EC015C6002287EA /* KSGuideViewControllerDemo.app */;
			productType = "com.apple.product-type.application";
		};
/* End PBXNativeTarget section */

/* Begin PBXProject section */
		2739BB4D1EC015C6002287EA /* Project object */ = {
			isa = PBXProject;
			attributes = {
				LastSwiftUpdateCheck = 0830;
				LastUpgradeCheck = 0830;
				ORGANIZATIONNAME = "Kyle Sun";
				TargetAttributes = {
					2739BB541EC015C6002287EA = {
						CreatedOnToolsVersion = 8.3;
						DevelopmentTeam = N2EGGRKXKW;
						ProvisioningStyle = Automatic;
					};
				};
			};
			buildConfigurationList = 2739BB501EC015C6002287EA /* Build configuration list for PBXProject "KSGuideViewControllerDemo" */;
			compatibilityVersion = "Xcode 3.2";
			developmentRegion = English;
			hasScannedForEncodings = 0;
			knownRegions = (
				en,
				Base,
			);
			mainGroup = 2739BB4C1EC015C6002287EA;
			productRefGroup = 2739BB561EC015C6002287EA /* Products */;
			projectDirPath = "";
			projectRoot = "";
			targets = (
				2739BB541EC015C6002287EA /* KSGuideViewControllerDemo */,
			);
		};
/* End PBXProject section */

/* Begin PBXResourcesBuildPhase section */
		2739BB531EC015C6002287EA /* Resources */ = {
			isa = PBXResourcesBuildPhase;
			buildActionMask = 2147483647;
			files = (
				2739BB631EC015C6002287EA /* LaunchScreen.storyboard in Resources */,
				2739BB601EC015C6002287EA /* Assets.xcassets in Resources */,
				2739BB701EC01C88002287EA /* Assets.xcassets in Resources */,
				2739BB5E1EC015C6002287EA /* Main.storyboard in Resources */,
			);
			runOnlyForDeploymentPostprocessing = 0;
		};
/* End PBXResourcesBuildPhase section */

/* Begin PBXSourcesBuildPhase section */
		2739BB511EC015C6002287EA /* Sources */ = {
			isa = PBXSourcesBuildPhase;
			buildActionMask = 2147483647;
			files = (
				2739BB5B1EC015C6002287EA /* ViewController.swift in Sources */,
				2739BB6C1EC0161B002287EA /* KSGuideViewController.swift in Sources */,
				2739BB591EC015C6002287EA /* AppDelegate.swift in Sources */,
				2739BB6E1EC01660002287EA /* KSGuideItem.swift in Sources */,
			);
			runOnlyForDeploymentPostprocessing = 0;
		};
/* End PBXSourcesBuildPhase section */

/* Begin PBXVariantGroup section */
		2739BB5C1EC015C6002287EA /* Main.storyboard */ = {
			isa = PBXVariantGroup;
			children = (
				2739BB5D1EC015C6002287EA /* Base */,
			);
			name = Main.storyboard;
			sourceTree = "<group>";
		};
		2739BB611EC015C6002287EA /* LaunchScreen.storyboard */ = {
			isa = PBXVariantGroup;
			children = (
				2739BB621EC015C6002287EA /* Base */,
			);
			name = LaunchScreen.storyboard;
			sourceTree = "<group>";
		};
/* End PBXVariantGroup section */

/* Begin XCBuildConfiguration section */
		2739BB651EC015C6002287EA /* Debug */ = {
			isa = XCBuildConfiguration;
			buildSettings = {
				ALWAYS_SEARCH_USER_PATHS = NO;
				CLANG_ANALYZER_NONNULL = YES;
				CLANG_ANALYZER_NUMBER_OBJECT_CONVERSION = YES_AGGRESSIVE;
				CLANG_CXX_LANGUAGE_STANDARD = "gnu++0x";
				CLANG_CXX_LIBRARY = "libc++";
				CLANG_ENABLE_MODULES = YES;
				CLANG_ENABLE_OBJC_ARC = YES;
				CLANG_WARN_BOOL_CONVERSION = YES;
				CLANG_WARN_CONSTANT_CONVERSION = YES;
				CLANG_WARN_DIRECT_OBJC_ISA_USAGE = YES_ERROR;
				CLANG_WARN_DOCUMENTATION_COMMENTS = YES;
				CLANG_WARN_EMPTY_BODY = YES;
				CLANG_WARN_ENUM_CONVERSION = YES;
				CLANG_WARN_INFINITE_RECURSION = YES;
				CLANG_WARN_INT_CONVERSION = YES;
				CLANG_WARN_OBJC_ROOT_CLASS = YES_ERROR;
				CLANG_WARN_SUSPICIOUS_MOVE = YES;
				CLANG_WARN_UNREACHABLE_CODE = YES;
				CLANG_WARN__DUPLICATE_METHOD_MATCH = YES;
				"CODE_SIGN_IDENTITY[sdk=iphoneos*]" = "iPhone Developer";
				COPY_PHASE_STRIP = NO;
				DEBUG_INFORMATION_FORMAT = dwarf;
				ENABLE_STRICT_OBJC_MSGSEND = YES;
				ENABLE_TESTABILITY = YES;
				GCC_C_LANGUAGE_STANDARD = gnu99;
				GCC_DYNAMIC_NO_PIC = NO;
				GCC_NO_COMMON_BLOCKS = YES;
				GCC_OPTIMIZATION_LEVEL = 0;
				GCC_PREPROCESSOR_DEFINITIONS = (
					"DEBUG=1",
					"$(inherited)",
				);
				GCC_WARN_64_TO_32_BIT_CONVERSION = YES;
				GCC_WARN_ABOUT_RETURN_TYPE = YES_ERROR;
				GCC_WARN_UNDECLARED_SELECTOR = YES;
				GCC_WARN_UNINITIALIZED_AUTOS = YES_AGGRESSIVE;
				GCC_WARN_UNUSED_FUNCTION = YES;
				GCC_WARN_UNUSED_VARIABLE = YES;
				IPHONEOS_DEPLOYMENT_TARGET = 10.3;
				MTL_ENABLE_DEBUG_INFO = YES;
				ONLY_ACTIVE_ARCH = YES;
				SDKROOT = iphoneos;
				SWIFT_ACTIVE_COMPILATION_CONDITIONS = DEBUG;
				SWIFT_OPTIMIZATION_LEVEL = "-Onone";
			};
			name = Debug;
		};
		2739BB661EC015C6002287EA /* Release */ = {
			isa = XCBuildConfiguration;
			buildSettings = {
				ALWAYS_SEARCH_USER_PATHS = NO;
				CLANG_ANALYZER_NONNULL = YES;
				CLANG_ANALYZER_NUMBER_OBJECT_CONVERSION = YES_AGGRESSIVE;
				CLANG_CXX_LANGUAGE_STANDARD = "gnu++0x";
				CLANG_CXX_LIBRARY = "libc++";
				CLANG_ENABLE_MODULES = YES;
				CLANG_ENABLE_OBJC_ARC = YES;
				CLANG_WARN_BOOL_CONVERSION = YES;
				CLANG_WARN_CONSTANT_CONVERSION = YES;
				CLANG_WARN_DIRECT_OBJC_ISA_USAGE = YES_ERROR;
				CLANG_WARN_DOCUMENTATION_COMMENTS = YES;
				CLANG_WARN_EMPTY_BODY = YES;
				CLANG_WARN_ENUM_CONVERSION = YES;
				CLANG_WARN_INFINITE_RECURSION = YES;
				CLANG_WARN_INT_CONVERSION = YES;
				CLANG_WARN_OBJC_ROOT_CLASS = YES_ERROR;
				CLANG_WARN_SUSPICIOUS_MOVE = YES;
				CLANG_WARN_UNREACHABLE_CODE = YES;
				CLANG_WARN__DUPLICATE_METHOD_MATCH = YES;
				"CODE_SIGN_IDENTITY[sdk=iphoneos*]" = "iPhone Developer";
				COPY_PHASE_STRIP = NO;
				DEBUG_INFORMATION_FORMAT = "dwarf-with-dsym";
				ENABLE_NS_ASSERTIONS = NO;
				ENABLE_STRICT_OBJC_MSGSEND = YES;
				GCC_C_LANGUAGE_STANDARD = gnu99;
				GCC_NO_COMMON_BLOCKS = YES;
				GCC_WARN_64_TO_32_BIT_CONVERSION = YES;
				GCC_WARN_ABOUT_RETURN_TYPE = YES_ERROR;
				GCC_WARN_UNDECLARED_SELECTOR = YES;
				GCC_WARN_UNINITIALIZED_AUTOS = YES_AGGRESSIVE;
				GCC_WARN_UNUSED_FUNCTION = YES;
				GCC_WARN_UNUSED_VARIABLE = YES;
				IPHONEOS_DEPLOYMENT_TARGET = 10.3;
				MTL_ENABLE_DEBUG_INFO = NO;
				SDKROOT = iphoneos;
				SWIFT_OPTIMIZATION_LEVEL = "-Owholemodule";
				VALIDATE_PRODUCT = YES;
			};
			name = Release;
		};
		2739BB681EC015C6002287EA /* Debug */ = {
			isa = XCBuildConfiguration;
			buildSettings = {
				ASSETCATALOG_COMPILER_APPICON_NAME = AppIcon;
				DEVELOPMENT_TEAM = N2EGGRKXKW;
				INFOPLIST_FILE = KSGuideViewControllerDemo/Info.plist;
				LD_RUNPATH_SEARCH_PATHS = "$(inherited) @executable_path/Frameworks";
				PRODUCT_BUNDLE_IDENTIFIER = com.skx926.KSGuideViewControllerDemo;
				PRODUCT_NAME = "$(TARGET_NAME)";
				SWIFT_VERSION = 3.0;
			};
			name = Debug;
		};
		2739BB691EC015C6002287EA /* Release */ = {
			isa = XCBuildConfiguration;
			buildSettings = {
				ASSETCATALOG_COMPILER_APPICON_NAME = AppIcon;
				DEVELOPMENT_TEAM = N2EGGRKXKW;
				INFOPLIST_FILE = KSGuideViewControllerDemo/Info.plist;
				LD_RUNPATH_SEARCH_PATHS = "$(inherited) @executable_path/Frameworks";
				PRODUCT_BUNDLE_IDENTIFIER = com.skx926.KSGuideViewControllerDemo;
				PRODUCT_NAME = "$(TARGET_NAME)";
				SWIFT_VERSION = 3.0;
			};
			name = Release;
		};
/* End XCBuildConfiguration section */

/* Begin XCConfigurationList section */
		2739BB501EC015C6002287EA /* Build configuration list for PBXProject "KSGuideViewControllerDemo" */ = {
			isa = XCConfigurationList;
			buildConfigurations = (
				2739BB651EC015C6002287EA /* Debug */,
				2739BB661EC015C6002287EA /* Release */,
			);
			defaultConfigurationIsVisible = 0;
			defaultConfigurationName = Release;
		};
		2739BB671EC015C6002287EA /* Build configuration list for PBXNativeTarget "KSGuideViewControllerDemo" */ = {
			isa = XCConfigurationList;
			buildConfigurations = (
				2739BB681EC015C6002287EA /* Debug */,
				2739BB691EC015C6002287EA /* Release */,
			);
			defaultConfigurationIsVisible = 0;
			defaultConfigurationName = Release;
		};
/* End XCConfigurationList section */
	};
	rootObject = 2739BB4D1EC015C6002287EA /* Project object */;
}
